// !$*UTF8*$!
{
	archiveVersion = 1;
	classes = {
	};
	objectVersion = 55;
	objects = {

/* Begin PBXBuildFile section */
		ACB5BCA228ECE9D5000611E7 /* AppDelegate.swift in Sources */ = {isa = PBXBuildFile; fileRef = ACB5BCA128ECE9D5000611E7 /* AppDelegate.swift */; };
		ACB5BCA428ECE9D5000611E7 /* SceneDelegate.swift in Sources */ = {isa = PBXBuildFile; fileRef = ACB5BCA328ECE9D5000611E7 /* SceneDelegate.swift */; };
		ACB5BCAB28ECE9D8000611E7 /* Assets.xcassets in Resources */ = {isa = PBXBuildFile; fileRef = ACB5BCAA28ECE9D8000611E7 /* Assets.xcassets */; };
		ACB5BCAE28ECE9D8000611E7 /* LaunchScreen.storyboard in Resources */ = {isa = PBXBuildFile; fileRef = ACB5BCAC28ECE9D8000611E7 /* LaunchScreen.storyboard */; };
		ACB5BCB928ECEB4F000611E7 /* WelcomeViewController.swift in Sources */ = {isa = PBXBuildFile; fileRef = ACB5BCB828ECEB4F000611E7 /* WelcomeViewController.swift */; };
		ACB5BCBB28ECECAD000611E7 /* WelcomeView.swift in Sources */ = {isa = PBXBuildFile; fileRef = ACB5BCBA28ECECAD000611E7 /* WelcomeView.swift */; };
		ACB5BCBF28ECEE2A000611E7 /* CodeView.swift in Sources */ = {isa = PBXBuildFile; fileRef = ACB5BCBE28ECEE2A000611E7 /* CodeView.swift */; };
/* End PBXBuildFile section */

/* Begin PBXFileReference section */
		ACB5BC9E28ECE9D5000611E7 /* ViewCodeApp.app */ = {isa = PBXFileReference; explicitFileType = wrapper.application; includeInIndex = 0; path = ViewCodeApp.app; sourceTree = BUILT_PRODUCTS_DIR; };
		ACB5BCA128ECE9D5000611E7 /* AppDelegate.swift */ = {isa = PBXFileReference; lastKnownFileType = sourcecode.swift; path = AppDelegate.swift; sourceTree = "<group>"; };
		ACB5BCA328ECE9D5000611E7 /* SceneDelegate.swift */ = {isa = PBXFileReference; lastKnownFileType = sourcecode.swift; path = SceneDelegate.swift; sourceTree = "<group>"; };
		ACB5BCAA28ECE9D8000611E7 /* Assets.xcassets */ = {isa = PBXFileReference; lastKnownFileType = folder.assetcatalog; path = Assets.xcassets; sourceTree = "<group>"; };
		ACB5BCAD28ECE9D8000611E7 /* Base */ = {isa = PBXFileReference; lastKnownFileType = file.storyboard; name = Base; path = Base.lproj/LaunchScreen.storyboard; sourceTree = "<group>"; };
		ACB5BCAF28ECE9D8000611E7 /* Info.plist */ = {isa = PBXFileReference; lastKnownFileType = text.plist.xml; path = Info.plist; sourceTree = "<group>"; };
		ACB5BCB828ECEB4F000611E7 /* WelcomeViewController.swift */ = {isa = PBXFileReference; lastKnownFileType = sourcecode.swift; path = WelcomeViewController.swift; sourceTree = "<group>"; };
		ACB5BCBA28ECECAD000611E7 /* WelcomeView.swift */ = {isa = PBXFileReference; lastKnownFileType = sourcecode.swift; path = WelcomeView.swift; sourceTree = "<group>"; };
		ACB5BCBE28ECEE2A000611E7 /* CodeView.swift */ = {isa = PBXFileReference; lastKnownFileType = sourcecode.swift; path = CodeView.swift; sourceTree = "<group>"; };
/* End PBXFileReference section */

/* Begin PBXFrameworksBuildPhase section */
		ACB5BC9B28ECE9D5000611E7 /* Frameworks */ = {
			isa = PBXFrameworksBuildPhase;
			buildActionMask = 2147483647;
			files = (
			);
			runOnlyForDeploymentPostprocessing = 0;
		};
/* End PBXFrameworksBuildPhase section */

/* Begin PBXGroup section */
		ACB5BC9528ECE9D5000611E7 = {
			isa = PBXGroup;
			children = (
				ACB5BCA028ECE9D5000611E7 /* ViewCodeApp */,
				ACB5BC9F28ECE9D5000611E7 /* Products */,
			);
			sourceTree = "<group>";
		};
		ACB5BC9F28ECE9D5000611E7 /* Products */ = {
			isa = PBXGroup;
			children = (
				ACB5BC9E28ECE9D5000611E7 /* ViewCodeApp.app */,
			);
			name = Products;
			sourceTree = "<group>";
		};
		ACB5BCA028ECE9D5000611E7 /* ViewCodeApp */ = {
			isa = PBXGroup;
			children = (
				ACB5BCB528ECEB1C000611E7 /* Welcome */,
				ACB5BCBC28ECEDF2000611E7 /* Shared */,
				ACB5BCA128ECE9D5000611E7 /* AppDelegate.swift */,
				ACB5BCA328ECE9D5000611E7 /* SceneDelegate.swift */,
				ACB5BCAA28ECE9D8000611E7 /* Assets.xcassets */,
				ACB5BCAC28ECE9D8000611E7 /* LaunchScreen.storyboard */,
				ACB5BCAF28ECE9D8000611E7 /* Info.plist */,
			);
			path = ViewCodeApp;
			sourceTree = "<group>";
		};
		ACB5BCB528ECEB1C000611E7 /* Welcome */ = {
			isa = PBXGroup;
			children = (
				ACB5BCB728ECEB2C000611E7 /* ViewController */,
				ACB5BCB628ECEB26000611E7 /* View */,
			);
			path = Welcome;
			sourceTree = "<group>";
		};
		ACB5BCB628ECEB26000611E7 /* View */ = {
			isa = PBXGroup;
			children = (
				ACB5BCBA28ECECAD000611E7 /* WelcomeView.swift */,
			);
			path = View;
			sourceTree = "<group>";
		};
		ACB5BCB728ECEB2C000611E7 /* ViewController */ = {
			isa = PBXGroup;
			children = (
				ACB5BCB828ECEB4F000611E7 /* WelcomeViewController.swift */,
			);
			path = ViewController;
			sourceTree = "<group>";
		};
		ACB5BCBC28ECEDF2000611E7 /* Shared */ = {
			isa = PBXGroup;
			children = (
				ACB5BCBD28ECEE16000611E7 /* Protocols */,
			);
			path = Shared;
			sourceTree = "<group>";
		};
		ACB5BCBD28ECEE16000611E7 /* Protocols */ = {
			isa = PBXGroup;
			children = (
				ACB5BCBE28ECEE2A000611E7 /* CodeView.swift */,
			);
			path = Protocols;
			sourceTree = "<group>";
		};
/* End PBXGroup section */

/* Begin PBXNativeTarget section */
		ACB5BC9D28ECE9D5000611E7 /* ViewCodeApp */ = {
			isa = PBXNativeTarget;
			buildConfigurationList = ACB5BCB228ECE9D8000611E7 /* Build configuration list for PBXNativeTarget "ViewCodeApp" */;
			buildPhases = (
				ACB5BC9A28ECE9D5000611E7 /* Sources */,
				ACB5BC9B28ECE9D5000611E7 /* Frameworks */,
				ACB5BC9C28ECE9D5000611E7 /* Resources */,
			);
			buildRules = (
			);
			dependencies = (
			);
			name = ViewCodeApp;
			productName = ViewCodeApp;
			productReference = ACB5BC9E28ECE9D5000611E7 /* ViewCodeApp.app */;
			productType = "com.apple.product-type.application";
		};
/* End PBXNativeTarget section */

/* Begin PBXProject section */
		ACB5BC9628ECE9D5000611E7 /* Project object */ = {
			isa = PBXProject;
			attributes = {
				BuildIndependentTargetsInParallel = 1;
				LastSwiftUpdateCheck = 1340;
				LastUpgradeCheck = 1340;
				TargetAttributes = {
					ACB5BC9D28ECE9D5000611E7 = {
						CreatedOnToolsVersion = 13.4;
					};
				};
			};
			buildConfigurationList = ACB5BC9928ECE9D5000611E7 /* Build configuration list for PBXProject "ViewCodeApp" */;
			compatibilityVersion = "Xcode 13.0";
			developmentRegion = en;
			hasScannedForEncodings = 0;
			knownRegions = (
				en,
				Base,
			);
			mainGroup = ACB5BC9528ECE9D5000611E7;
			productRefGroup = ACB5BC9F28ECE9D5000611E7 /* Products */;
			projectDirPath = "";
			projectRoot = "";
			targets = (
				ACB5BC9D28ECE9D5000611E7 /* ViewCodeApp */,
			);
		};
/* End PBXProject section */

/* Begin PBXResourcesBuildPhase section */
		ACB5BC9C28ECE9D5000611E7 /* Resources */ = {
			isa = PBXResourcesBuildPhase;
			buildActionMask = 2147483647;
			files = (
				ACB5BCAE28ECE9D8000611E7 /* LaunchScreen.storyboard in Resources */,
				ACB5BCAB28ECE9D8000611E7 /* Assets.xcassets in Resources */,
			);
			runOnlyForDeploymentPostprocessing = 0;
		};
/* End PBXResourcesBuildPhase section */

/* Begin PBXSourcesBuildPhase section */
		ACB5BC9A28ECE9D5000611E7 /* Sources */ = {
			isa = PBXSourcesBuildPhase;
			buildActionMask = 2147483647;
			files = (
				ACB5BCBB28ECECAD000611E7 /* WelcomeView.swift in Sources */,
				ACB5BCB928ECEB4F000611E7 /* WelcomeViewController.swift in Sources */,
				ACB5BCA228ECE9D5000611E7 /* AppDelegate.swift in Sources */,
				ACB5BCBF28ECEE2A000611E7 /* CodeView.swift in Sources */,
				ACB5BCA428ECE9D5000611E7 /* SceneDelegate.swift in Sources */,
			);
			runOnlyForDeploymentPostprocessing = 0;
		};
/* End PBXSourcesBuildPhase section */

/* Begin PBXVariantGroup section */
		ACB5BCAC28ECE9D8000611E7 /* LaunchScreen.storyboard */ = {
			isa = PBXVariantGroup;
			children = (
				ACB5BCAD28ECE9D8000611E7 /* Base */,
			);
			name = LaunchScreen.storyboard;
			sourceTree = "<group>";
		};
/* End PBXVariantGroup section */

/* Begin XCBuildConfiguration section */
		ACB5BCB028ECE9D8000611E7 /* Debug */ = {
			isa = XCBuildConfiguration;
			buildSettings = {
				ALWAYS_SEARCH_USER_PATHS = NO;
				CLANG_ANALYZER_NONNULL = YES;
				CLANG_ANALYZER_NUMBER_OBJECT_CONVERSION = YES_AGGRESSIVE;
				CLANG_CXX_LANGUAGE_STANDARD = "gnu++17";
				CLANG_ENABLE_MODULES = YES;
				CLANG_ENABLE_OBJC_ARC = YES;
				CLANG_ENABLE_OBJC_WEAK = YES;
				CLANG_WARN_BLOCK_CAPTURE_AUTORELEASING = YES;
				CLANG_WARN_BOOL_CONVERSION = YES;
				CLANG_WARN_COMMA = YES;
				CLANG_WARN_CONSTANT_CONVERSION = YES;
				CLANG_WARN_DEPRECATED_OBJC_IMPLEMENTATIONS = YES;
				CLANG_WARN_DIRECT_OBJC_ISA_USAGE = YES_ERROR;
				CLANG_WARN_DOCUMENTATION_COMMENTS = YES;
				CLANG_WARN_EMPTY_BODY = YES;
				CLANG_WARN_ENUM_CONVERSION = YES;
				CLANG_WARN_INFINITE_RECURSION = YES;
				CLANG_WARN_INT_CONVERSION = YES;
				CLANG_WARN_NON_LITERAL_NULL_CONVERSION = YES;
				CLANG_WARN_OBJC_IMPLICIT_RETAIN_SELF = YES;
				CLANG_WARN_OBJC_LITERAL_CONVERSION = YES;
				CLANG_WARN_OBJC_ROOT_CLASS = YES_ERROR;
				CLANG_WARN_QUOTED_INCLUDE_IN_FRAMEWORK_HEADER = YES;
				CLANG_WARN_RANGE_LOOP_ANALYSIS = YES;
				CLANG_WARN_STRICT_PROTOTYPES = YES;
				CLANG_WARN_SUSPICIOUS_MOVE = YES;
				CLANG_WARN_UNGUARDED_AVAILABILITY = YES_AGGRESSIVE;
				CLANG_WARN_UNREACHABLE_CODE = YES;
				CLANG_WARN__DUPLICATE_METHOD_MATCH = YES;
				COPY_PHASE_STRIP = NO;
				DEBUG_INFORMATION_FORMAT = dwarf;
				ENABLE_STRICT_OBJC_MSGSEND = YES;
				ENABLE_TESTABILITY = YES;
				GCC_C_LANGUAGE_STANDARD = gnu11;
				GCC_DYNAMIC_NO_PIC = NO;
				GCC_NO_COMMON_BLOCKS = YES;
				GCC_OPTIMIZATION_LEVEL = 0;
				GCC_PREPROCESSOR_DEFINITIONS = (
					"DEBUG=1",
					"$(inherited)",
				);
				GCC_WARN_64_TO_32_BIT_CONVERSION = YES;
				GCC_WARN_ABOUT_RETURN_TYPE = YES_ERROR;
				GCC_WARN_UNDECLARED_SELECTOR = YES;
				GCC_WARN_UNINITIALIZED_AUTOS = YES_AGGRESSIVE;
				GCC_WARN_UNUSED_FUNCTION = YES;
				GCC_WARN_UNUSED_VARIABLE = YES;
				IPHONEOS_DEPLOYMENT_TARGET = 15.5;
				MTL_ENABLE_DEBUG_INFO = INCLUDE_SOURCE;
				MTL_FAST_MATH = YES;
				ONLY_ACTIVE_ARCH = YES;
				SDKROOT = iphoneos;
				SWIFT_ACTIVE_COMPILATION_CONDITIONS = DEBUG;
				SWIFT_OPTIMIZATION_LEVEL = "-Onone";
			};
			name = Debug;
		};
		ACB5BCB128ECE9D8000611E7 /* Release */ = {
			isa = XCBuildConfiguration;
			buildSettings = {
				ALWAYS_SEARCH_USER_PATHS = NO;
				CLANG_ANALYZER_NONNULL = YES;
				CLANG_ANALYZER_NUMBER_OBJECT_CONVERSION = YES_AGGRESSIVE;
				CLANG_CXX_LANGUAGE_STANDARD = "gnu++17";
				CLANG_ENABLE_MODULES = YES;
				CLANG_ENABLE_OBJC_ARC = YES;
				CLANG_ENABLE_OBJC_WEAK = YES;
				CLANG_WARN_BLOCK_CAPTURE_AUTORELEASING = YES;
				CLANG_WARN_BOOL_CONVERSION = YES;
				CLANG_WARN_COMMA = YES;
				CLANG_WARN_CONSTANT_CONVERSION = YES;
				CLANG_WARN_DEPRECATED_OBJC_IMPLEMENTATIONS = YES;
				CLANG_WARN_DIRECT_OBJC_ISA_USAGE = YES_ERROR;
				CLANG_WARN_DOCUMENTATION_COMMENTS = YES;
				CLANG_WARN_EMPTY_BODY = YES;
				CLANG_WARN_ENUM_CONVERSION = YES;
				CLANG_WARN_INFINITE_RECURSION = YES;
				CLANG_WARN_INT_CONVERSION = YES;
				CLANG_WARN_NON_LITERAL_NULL_CONVERSION = YES;
				CLANG_WARN_OBJC_IMPLICIT_RETAIN_SELF = YES;
				CLANG_WARN_OBJC_LITERAL_CONVERSION = YES;
				CLANG_WARN_OBJC_ROOT_CLASS = YES_ERROR;
				CLANG_WARN_QUOTED_INCLUDE_IN_FRAMEWORK_HEADER = YES;
				CLANG_WARN_RANGE_LOOP_ANALYSIS = YES;
				CLANG_WARN_STRICT_PROTOTYPES = YES;
				CLANG_WARN_SUSPICIOUS_MOVE = YES;
				CLANG_WARN_UNGUARDED_AVAILABILITY = YES_AGGRESSIVE;
				CLANG_WARN_UNREACHABLE_CODE = YES;
				CLANG_WARN__DUPLICATE_METHOD_MATCH = YES;
				COPY_PHASE_STRIP = NO;
				DEBUG_INFORMATION_FORMAT = "dwarf-with-dsym";
				ENABLE_NS_ASSERTIONS = NO;
				ENABLE_STRICT_OBJC_MSGSEND = YES;
				GCC_C_LANGUAGE_STANDARD = gnu11;
				GCC_NO_COMMON_BLOCKS = YES;
				GCC_WARN_64_TO_32_BIT_CONVERSION = YES;
				GCC_WARN_ABOUT_RETURN_TYPE = YES_ERROR;
				GCC_WARN_UNDECLARED_SELECTOR = YES;
				GCC_WARN_UNINITIALIZED_AUTOS = YES_AGGRESSIVE;
				GCC_WARN_UNUSED_FUNCTION = YES;
				GCC_WARN_UNUSED_VARIABLE = YES;
				IPHONEOS_DEPLOYMENT_TARGET = 15.5;
				MTL_ENABLE_DEBUG_INFO = NO;
				MTL_FAST_MATH = YES;
				SDKROOT = iphoneos;
				SWIFT_COMPILATION_MODE = wholemodule;
				SWIFT_OPTIMIZATION_LEVEL = "-O";
				VALIDATE_PRODUCT = YES;
			};
			name = Release;
		};
		ACB5BCB328ECE9D8000611E7 /* Debug */ = {
			isa = XCBuildConfiguration;
			buildSettings = {
				ASSETCATALOG_COMPILER_APPICON_NAME = AppIcon;
				ASSETCATALOG_COMPILER_GLOBAL_ACCENT_COLOR_NAME = AccentColor;
				CODE_SIGN_STYLE = Automatic;
				CURRENT_PROJECT_VERSION = 1;
				GENERATE_INFOPLIST_FILE = YES;
				INFOPLIST_FILE = ViewCodeApp/Info.plist;
				INFOPLIST_KEY_UIApplicationSupportsIndirectInputEvents = YES;
				INFOPLIST_KEY_UILaunchStoryboardName = LaunchScreen;
				INFOPLIST_KEY_UISupportedInterfaceOrientations = UIInterfaceOrientationPortrait;
				INFOPLIST_KEY_UISupportedInterfaceOrientations_iPad = "UIInterfaceOrientationPortrait UIInterfaceOrientationPortraitUpsideDown UIInterfaceOrientationLandscapeLeft UIInterfaceOrientationLandscapeRight";
				INFOPLIST_KEY_UISupportedInterfaceOrientations_iPhone = "UIInterfaceOrientationPortrait UIInterfaceOrientationLandscapeLeft UIInterfaceOrientationLandscapeRight";
				LD_RUNPATH_SEARCH_PATHS = (
					"$(inherited)",
					"@executable_path/Frameworks",
				);
				MARKETING_VERSION = 1.0;
				PRODUCT_BUNDLE_IDENTIFIER = com.mvclopes.ViewCodeApp;
				PRODUCT_NAME = "$(TARGET_NAME)";
				SWIFT_EMIT_LOC_STRINGS = YES;
				SWIFT_VERSION = 5.0;
				TARGETED_DEVICE_FAMILY = 1;
			};
			name = Debug;
		};
		ACB5BCB428ECE9D8000611E7 /* Release */ = {
			isa = XCBuildConfiguration;
			buildSettings = {
				ASSETCATALOG_COMPILER_APPICON_NAME = AppIcon;
				ASSETCATALOG_COMPILER_GLOBAL_ACCENT_COLOR_NAME = AccentColor;
				CODE_SIGN_STYLE = Automatic;
				CURRENT_PROJECT_VERSION = 1;
				GENERATE_INFOPLIST_FILE = YES;
				INFOPLIST_FILE = ViewCodeApp/Info.plist;
				INFOPLIST_KEY_UIApplicationSupportsIndirectInputEvents = YES;
				INFOPLIST_KEY_UILaunchStoryboardName = LaunchScreen;
				INFOPLIST_KEY_UISupportedInterfaceOrientations = UIInterfaceOrientationPortrait;
				INFOPLIST_KEY_UISupportedInterfaceOrientations_iPad = "UIInterfaceOrientationPortrait UIInterfaceOrientationPortraitUpsideDown UIInterfaceOrientationLandscapeLeft UIInterfaceOrientationLandscapeRight";
				INFOPLIST_KEY_UISupportedInterfaceOrientations_iPhone = "UIInterfaceOrientationPortrait UIInterfaceOrientationLandscapeLeft UIInterfaceOrientationLandscapeRight";
				LD_RUNPATH_SEARCH_PATHS = (
					"$(inherited)",
					"@executable_path/Frameworks",
				);
				MARKETING_VERSION = 1.0;
				PRODUCT_BUNDLE_IDENTIFIER = com.mvclopes.ViewCodeApp;
				PRODUCT_NAME = "$(TARGET_NAME)";
				SWIFT_EMIT_LOC_STRINGS = YES;
				SWIFT_VERSION = 5.0;
				TARGETED_DEVICE_FAMILY = 1;
			};
			name = Release;
		};
/* End XCBuildConfiguration section */

/* Begin XCConfigurationList section */
		ACB5BC9928ECE9D5000611E7 /* Build configuration list for PBXProject "ViewCodeApp" */ = {
			isa = XCConfigurationList;
			buildConfigurations = (
				ACB5BCB028ECE9D8000611E7 /* Debug */,
				ACB5BCB128ECE9D8000611E7 /* Release */,
			);
			defaultConfigurationIsVisible = 0;
			defaultConfigurationName = Release;
		};
		ACB5BCB228ECE9D8000611E7 /* Build configuration list for PBXNativeTarget "ViewCodeApp" */ = {
			isa = XCConfigurationList;
			buildConfigurations = (
				ACB5BCB328ECE9D8000611E7 /* Debug */,
				ACB5BCB428ECE9D8000611E7 /* Release */,
			);
			defaultConfigurationIsVisible = 0;
			defaultConfigurationName = Release;
		};
/* End XCConfigurationList section */
	};
	rootObject = ACB5BC9628ECE9D5000611E7 /* Project object */;
}
